
Microsoft Visual Studio Solution File, Format Version 12.00
# Visual Studio Version 16
VisualStudioVersion = 16.0.29503.13
MinimumVisualStudioVersion = 10.0.40219.1
Project("{FAE04EC0-301F-11D3-BF4B-00C04F79EFBC}") = "MVCsampleProject", "MVCsampleProject\MVCsampleProject.csproj", "{D01AD52F-C99A-4E93-94F7-6BDAD1074C2F}"
EndProject
Global
	GlobalSection(SolutionConfigurationPlatforms) = preSolution
		Debug|Any CPU = Debug|Any CPU
		Release|Any CPU = Release|Any CPU
	EndGlobalSection
	GlobalSection(ProjectConfigurationPlatforms) = postSolution
		{D01AD52F-C99A-4E93-94F7-6BDAD1074C2F}.Debug|Any CPU.ActiveCfg = Debug|Any CPU
		{D01AD52F-C99A-4E93-94F7-6BDAD1074C2F}.Debug|Any CPU.Build.0 = Debug|Any CPU
		{D01AD52F-C99A-4E93-94F7-6BDAD1074C2F}.Release|Any CPU.ActiveCfg = Release|Any CPU
		{D01AD52F-C99A-4E93-94F7-6BDAD1074C2F}.Release|Any CPU.Build.0 = Release|Any CPU
	EndGlobalSection
	GlobalSection(SolutionProperties) = preSolution
		HideSolutionNode = FALSE
	EndGlobalSection
	GlobalSection(ExtensibilityGlobals) = postSolution
		SolutionGuid = {297E62ED-EBCB-45DF-BF17-0C07BB709E12}
	EndGlobalSection
EndGlobal
