
Microsoft Visual Studio Solution File, Format Version 12.00
# Visual Studio Version 16
VisualStudioVersion = 16.0.29503.13
MinimumVisualStudioVersion = 10.0.40219.1
Project("{FAE04EC0-301F-11D3-BF4B-00C04F79EFBC}") = "MVC_WebApplication", "MVC_WebApplication\MVC_WebApplication.csproj", "{EA0C6F0C-AD52-42E8-98BC-98653A0949AD}"
EndProject
Global
	GlobalSection(SolutionConfigurationPlatforms) = preSolution
		Debug|Any CPU = Debug|Any CPU
		Release|Any CPU = Release|Any CPU
	EndGlobalSection
	GlobalSection(ProjectConfigurationPlatforms) = postSolution
		{EA0C6F0C-AD52-42E8-98BC-98653A0949AD}.Debug|Any CPU.ActiveCfg = Debug|Any CPU
		{EA0C6F0C-AD52-42E8-98BC-98653A0949AD}.Debug|Any CPU.Build.0 = Debug|Any CPU
		{EA0C6F0C-AD52-42E8-98BC-98653A0949AD}.Release|Any CPU.ActiveCfg = Release|Any CPU
		{EA0C6F0C-AD52-42E8-98BC-98653A0949AD}.Release|Any CPU.Build.0 = Release|Any CPU
	EndGlobalSection
	GlobalSection(SolutionProperties) = preSolution
		HideSolutionNode = FALSE
	EndGlobalSection
	GlobalSection(ExtensibilityGlobals) = postSolution
		SolutionGuid = {35A8EE0F-8ED1-4761-B32F-0B65B58BCB57}
	EndGlobalSection
EndGlobal
